PODS:
  - CHCSVParser (2.1.0)
  - FMDB (2.7.5):
    - FMDB/standard (= 2.7.5)
  - FMDB/standard (2.7.5)
  - GCDWebServer (3.4):
    - GCDWebServer/Core (= 3.4)
  - GCDWebServer/Core (3.4)
  - IQKeyboardManager (6.2.0)
  - Masonry (1.1.0)
  - MBProgressHUD (1.0.0)
  - ReactiveCocoa (2.4.7):
    - ReactiveCocoa/UI (= 2.4.7)
  - ReactiveCocoa/Core (2.4.7):
    - ReactiveCocoa/no-arc
  - ReactiveCocoa/no-arc (2.4.7)
  - ReactiveCocoa/UI (2.4.7):
    - ReactiveCocoa/Core

DEPENDENCIES:
  - CHCSVParser
  - FMDB (= 2.7.5)
  - GCDWebServer (= 3.4)
  - IQKeyboardManager
  - Masonry (= 1.1.0)
  - MBProgressHUD (= 1.0.0)
  - ReactiveCocoa (= 2.4.7)

SPEC CHECKSUMS:
  CHCSVParser: 3bcc7bdb72111a31222e95d57eacceefe4e537e8
  FMDB: 2ce00b547f966261cd18927a3ddb07cb6f3db82a
  GCDWebServer: 20d53c3181b3c78d865e93e326faf506306f5338
  IQKeyboardManager: 6194101620b73af5e67900b8f89707a99de0b804
  Masonry: 678fab65091a9290e40e2832a55e7ab731aad201
  MBProgressHUD: 4890f671c94e8a0f3cf959aa731e9de2f036d71a
  ReactiveCocoa: eb38dee0a0e698f73a9b25e5c1faea2bb4c79240

PODFILE CHECKSUM: afd74b6af106ce2b9311382e58f0cc8d6940646d

COCOAPODS: 1.4.0
