// !$*UTF8*$!
{
	archiveVersion = 1;
	classes = {
	};
	objectVersion = 46;
	objects = {

/* Begin PBXBuildFile section */
		2B1B92E7643A1CA4CB142C73 /* libPods-ipad.a in Frameworks */ = {isa = PBXBuildFile; fileRef = C78DD109B4F45CCDD835D517 /* libPods-ipad.a */; };
		4527918E1F25D09C00010996 /* FirstController.m in Sources */ = {isa = PBXBuildFile; fileRef = 4527918D1F25D09C00010996 /* FirstController.m */; };
		452791951F25D57E00010996 /* HETPublicPickerView.m in Sources */ = {isa = PBXBuildFile; fileRef = 452791931F25D57E00010996 /* HETPublicPickerView.m */; };
		452791961F25D57E00010996 /* HETPublicPickerView.xib in Resources */ = {isa = PBXBuildFile; fileRef = 452791941F25D57E00010996 /* HETPublicPickerView.xib */; };
		4527919D1F25D78700010996 /* HETAddressInfo.m in Sources */ = {isa = PBXBuildFile; fileRef = 452791991F25D78700010996 /* HETAddressInfo.m */; };
		4527919E1F25D78700010996 /* HETAddressPicker.m in Sources */ = {isa = PBXBuildFile; fileRef = 4527919B1F25D78700010996 /* HETAddressPicker.m */; };
		4527919F1F25D78700010996 /* HETCity.json in Resources */ = {isa = PBXBuildFile; fileRef = 4527919C1F25D78700010996 /* HETCity.json */; };
		457E8E221F2638A600924F5F /* 1.storyboard in Resources */ = {isa = PBXBuildFile; fileRef = 457E8E211F2638A600924F5F /* 1.storyboard */; };
		457E8E251F263CB800924F5F /* Button1.m in Sources */ = {isa = PBXBuildFile; fileRef = 457E8E241F263CB800924F5F /* Button1.m */; };
		457E8E281F26414F00924F5F /* QuestionBaseController.m in Sources */ = {isa = PBXBuildFile; fileRef = 457E8E271F26414F00924F5F /* QuestionBaseController.m */; };
		457E8E2B1F26416E00924F5F /* Q1Controller1.m in Sources */ = {isa = PBXBuildFile; fileRef = 457E8E2A1F26416E00924F5F /* Q1Controller1.m */; };
		457E8E2E1F26418500924F5F /* Q1Controller2.m in Sources */ = {isa = PBXBuildFile; fileRef = 457E8E2D1F26418500924F5F /* Q1Controller2.m */; };
		457E8E371F27192900924F5F /* UserModel.m in Sources */ = {isa = PBXBuildFile; fileRef = 457E8E361F27192900924F5F /* UserModel.m */; };
		457E8E3A1F2728E500924F5F /* FinishController.m in Sources */ = {isa = PBXBuildFile; fileRef = 457E8E391F2728E500924F5F /* FinishController.m */; };
		457E8E3D1F272B5500924F5F /* AnswerData.m in Sources */ = {isa = PBXBuildFile; fileRef = 457E8E3C1F272B5500924F5F /* AnswerData.m */; };
		45BF43661F2737F6004D5361 /* answerDB.db in Resources */ = {isa = PBXBuildFile; fileRef = 45BF43651F2737F6004D5361 /* answerDB.db */; };
		45DD5CE01F279F0C00E7B6EB /* GCDWebUploader.bundle in Resources */ = {isa = PBXBuildFile; fileRef = 45DD5CDD1F279F0C00E7B6EB /* GCDWebUploader.bundle */; };
		45DD5CE11F279F0C00E7B6EB /* GCDWebUploader.m in Sources */ = {isa = PBXBuildFile; fileRef = 45DD5CDF1F279F0C00E7B6EB /* GCDWebUploader.m */; };
		72760E681F231DF500377839 /* main.m in Sources */ = {isa = PBXBuildFile; fileRef = 72760E671F231DF500377839 /* main.m */; };
		72760E6B1F231DF500377839 /* AppDelegate.m in Sources */ = {isa = PBXBuildFile; fileRef = 72760E6A1F231DF500377839 /* AppDelegate.m */; };
		72760E711F231DF500377839 /* Main.storyboard in Resources */ = {isa = PBXBuildFile; fileRef = 72760E6F1F231DF500377839 /* Main.storyboard */; };
		72760E731F231DF500377839 /* Assets.xcassets in Resources */ = {isa = PBXBuildFile; fileRef = 72760E721F231DF500377839 /* Assets.xcassets */; };
		72760E761F231DF500377839 /* LaunchScreen.storyboard in Resources */ = {isa = PBXBuildFile; fileRef = 72760E741F231DF500377839 /* LaunchScreen.storyboard */; };
		72FA82101F28382A00B6F371 /* WifiView.m in Sources */ = {isa = PBXBuildFile; fileRef = 72FA820F1F28382A00B6F371 /* WifiView.m */; };
		72FA82121F2838B700B6F371 /* WifiView.xib in Resources */ = {isa = PBXBuildFile; fileRef = 72FA82111F2838B700B6F371 /* WifiView.xib */; };
		72FCBC0F225CC4E500969879 /* Q1Controller20.m in Sources */ = {isa = PBXBuildFile; fileRef = 72FCBC0E225CC4E500969879 /* Q1Controller20.m */; };
		72FCBC12225CCF6100969879 /* UITextView+Utils.m in Sources */ = {isa = PBXBuildFile; fileRef = 72FCBC10225CCF6100969879 /* UITextView+Utils.m */; };
		72FCBC15225CCFAE00969879 /* NSString+Utils.m in Sources */ = {isa = PBXBuildFile; fileRef = 72FCBC14225CCFAE00969879 /* NSString+Utils.m */; };
/* End PBXBuildFile section */

/* Begin PBXFileReference section */
		258103E04245671C9128EB93 /* Pods-ipad.release.xcconfig */ = {isa = PBXFileReference; includeInIndex = 1; lastKnownFileType = text.xcconfig; name = "Pods-ipad.release.xcconfig"; path = "Pods/Target Support Files/Pods-ipad/Pods-ipad.release.xcconfig"; sourceTree = "<group>"; };
		4527918C1F25D09C00010996 /* FirstController.h */ = {isa = PBXFileReference; fileEncoding = 4; lastKnownFileType = sourcecode.c.h; path = FirstController.h; sourceTree = "<group>"; };
		4527918D1F25D09C00010996 /* FirstController.m */ = {isa = PBXFileReference; fileEncoding = 4; lastKnownFileType = sourcecode.c.objc; path = FirstController.m; sourceTree = "<group>"; };
		452791921F25D57E00010996 /* HETPublicPickerView.h */ = {isa = PBXFileReference; fileEncoding = 4; lastKnownFileType = sourcecode.c.h; path = HETPublicPickerView.h; sourceTree = "<group>"; };
		452791931F25D57E00010996 /* HETPublicPickerView.m */ = {isa = PBXFileReference; fileEncoding = 4; lastKnownFileType = sourcecode.c.objc; path = HETPublicPickerView.m; sourceTree = "<group>"; };
		452791941F25D57E00010996 /* HETPublicPickerView.xib */ = {isa = PBXFileReference; fileEncoding = 4; lastKnownFileType = file.xib; path = HETPublicPickerView.xib; sourceTree = "<group>"; };
		452791971F25D78700010996 /* HETAddressInfo_Private.h */ = {isa = PBXFileReference; fileEncoding = 4; lastKnownFileType = sourcecode.c.h; path = HETAddressInfo_Private.h; sourceTree = "<group>"; };
		452791981F25D78700010996 /* HETAddressInfo.h */ = {isa = PBXFileReference; fileEncoding = 4; lastKnownFileType = sourcecode.c.h; path = HETAddressInfo.h; sourceTree = "<group>"; };
		452791991F25D78700010996 /* HETAddressInfo.m */ = {isa = PBXFileReference; fileEncoding = 4; lastKnownFileType = sourcecode.c.objc; path = HETAddressInfo.m; sourceTree = "<group>"; };
		4527919A1F25D78700010996 /* HETAddressPicker.h */ = {isa = PBXFileReference; fileEncoding = 4; lastKnownFileType = sourcecode.c.h; path = HETAddressPicker.h; sourceTree = "<group>"; };
		4527919B1F25D78700010996 /* HETAddressPicker.m */ = {isa = PBXFileReference; fileEncoding = 4; lastKnownFileType = sourcecode.c.objc; path = HETAddressPicker.m; sourceTree = "<group>"; };
		4527919C1F25D78700010996 /* HETCity.json */ = {isa = PBXFileReference; fileEncoding = 4; lastKnownFileType = text.json; path = HETCity.json; sourceTree = "<group>"; };
		457E8E211F2638A600924F5F /* 1.storyboard */ = {isa = PBXFileReference; fileEncoding = 4; lastKnownFileType = file.storyboard; path = 1.storyboard; sourceTree = "<group>"; };
		457E8E231F263CB800924F5F /* Button1.h */ = {isa = PBXFileReference; fileEncoding = 4; lastKnownFileType = sourcecode.c.h; path = Button1.h; sourceTree = "<group>"; };
		457E8E241F263CB800924F5F /* Button1.m */ = {isa = PBXFileReference; fileEncoding = 4; lastKnownFileType = sourcecode.c.objc; path = Button1.m; sourceTree = "<group>"; };
		457E8E261F26414F00924F5F /* QuestionBaseController.h */ = {isa = PBXFileReference; fileEncoding = 4; lastKnownFileType = sourcecode.c.h; path = QuestionBaseController.h; sourceTree = "<group>"; };
		457E8E271F26414F00924F5F /* QuestionBaseController.m */ = {isa = PBXFileReference; fileEncoding = 4; lastKnownFileType = sourcecode.c.objc; path = QuestionBaseController.m; sourceTree = "<group>"; };
		457E8E291F26416E00924F5F /* Q1Controller1.h */ = {isa = PBXFileReference; fileEncoding = 4; lastKnownFileType = sourcecode.c.h; path = Q1Controller1.h; sourceTree = "<group>"; };
		457E8E2A1F26416E00924F5F /* Q1Controller1.m */ = {isa = PBXFileReference; fileEncoding = 4; lastKnownFileType = sourcecode.c.objc; path = Q1Controller1.m; sourceTree = "<group>"; };
		457E8E2C1F26418500924F5F /* Q1Controller2.h */ = {isa = PBXFileReference; fileEncoding = 4; lastKnownFileType = sourcecode.c.h; path = Q1Controller2.h; sourceTree = "<group>"; };
		457E8E2D1F26418500924F5F /* Q1Controller2.m */ = {isa = PBXFileReference; fileEncoding = 4; lastKnownFileType = sourcecode.c.objc; path = Q1Controller2.m; sourceTree = "<group>"; };
		457E8E351F27192900924F5F /* UserModel.h */ = {isa = PBXFileReference; fileEncoding = 4; lastKnownFileType = sourcecode.c.h; path = UserModel.h; sourceTree = "<group>"; };
		457E8E361F27192900924F5F /* UserModel.m */ = {isa = PBXFileReference; fileEncoding = 4; lastKnownFileType = sourcecode.c.objc; path = UserModel.m; sourceTree = "<group>"; };
		457E8E381F2728E500924F5F /* FinishController.h */ = {isa = PBXFileReference; fileEncoding = 4; lastKnownFileType = sourcecode.c.h; path = FinishController.h; sourceTree = "<group>"; };
		457E8E391F2728E500924F5F /* FinishController.m */ = {isa = PBXFileReference; fileEncoding = 4; lastKnownFileType = sourcecode.c.objc; path = FinishController.m; sourceTree = "<group>"; };
		457E8E3B1F272B5500924F5F /* AnswerData.h */ = {isa = PBXFileReference; fileEncoding = 4; lastKnownFileType = sourcecode.c.h; path = AnswerData.h; sourceTree = "<group>"; };
		457E8E3C1F272B5500924F5F /* AnswerData.m */ = {isa = PBXFileReference; fileEncoding = 4; lastKnownFileType = sourcecode.c.objc; path = AnswerData.m; sourceTree = "<group>"; };
		45BF43651F2737F6004D5361 /* answerDB.db */ = {isa = PBXFileReference; lastKnownFileType = file; path = answerDB.db; sourceTree = "<group>"; };
		45DD5CDD1F279F0C00E7B6EB /* GCDWebUploader.bundle */ = {isa = PBXFileReference; lastKnownFileType = "wrapper.plug-in"; path = GCDWebUploader.bundle; sourceTree = "<group>"; };
		45DD5CDE1F279F0C00E7B6EB /* GCDWebUploader.h */ = {isa = PBXFileReference; fileEncoding = 4; lastKnownFileType = sourcecode.c.h; path = GCDWebUploader.h; sourceTree = "<group>"; };
		45DD5CDF1F279F0C00E7B6EB /* GCDWebUploader.m */ = {isa = PBXFileReference; fileEncoding = 4; lastKnownFileType = sourcecode.c.objc; path = GCDWebUploader.m; sourceTree = "<group>"; };
		72760E631F231DF500377839 /* ipad.app */ = {isa = PBXFileReference; explicitFileType = wrapper.application; includeInIndex = 0; path = ipad.app; sourceTree = BUILT_PRODUCTS_DIR; };
		72760E671F231DF500377839 /* main.m */ = {isa = PBXFileReference; lastKnownFileType = sourcecode.c.objc; path = main.m; sourceTree = "<group>"; };
		72760E691F231DF500377839 /* AppDelegate.h */ = {isa = PBXFileReference; lastKnownFileType = sourcecode.c.h; path = AppDelegate.h; sourceTree = "<group>"; };
		72760E6A1F231DF500377839 /* AppDelegate.m */ = {isa = PBXFileReference; lastKnownFileType = sourcecode.c.objc; path = AppDelegate.m; sourceTree = "<group>"; };
		72760E701F231DF500377839 /* Base */ = {isa = PBXFileReference; lastKnownFileType = file.storyboard; name = Base; path = Base.lproj/Main.storyboard; sourceTree = "<group>"; };
		72760E721F231DF500377839 /* Assets.xcassets */ = {isa = PBXFileReference; lastKnownFileType = folder.assetcatalog; path = Assets.xcassets; sourceTree = "<group>"; };
		72760E751F231DF500377839 /* Base */ = {isa = PBXFileReference; lastKnownFileType = file.storyboard; name = Base; path = Base.lproj/LaunchScreen.storyboard; sourceTree = "<group>"; };
		72760E771F231DF500377839 /* Info.plist */ = {isa = PBXFileReference; lastKnownFileType = text.plist.xml; path = Info.plist; sourceTree = "<group>"; };
		72FA820E1F28382A00B6F371 /* WifiView.h */ = {isa = PBXFileReference; fileEncoding = 4; lastKnownFileType = sourcecode.c.h; path = WifiView.h; sourceTree = "<group>"; };
		72FA820F1F28382A00B6F371 /* WifiView.m */ = {isa = PBXFileReference; fileEncoding = 4; lastKnownFileType = sourcecode.c.objc; path = WifiView.m; sourceTree = "<group>"; };
		72FA82111F2838B700B6F371 /* WifiView.xib */ = {isa = PBXFileReference; fileEncoding = 4; lastKnownFileType = file.xib; path = WifiView.xib; sourceTree = "<group>"; };
		72FCBC0D225CC4E500969879 /* Q1Controller20.h */ = {isa = PBXFileReference; lastKnownFileType = sourcecode.c.h; path = Q1Controller20.h; sourceTree = "<group>"; };
		72FCBC0E225CC4E500969879 /* Q1Controller20.m */ = {isa = PBXFileReference; lastKnownFileType = sourcecode.c.objc; path = Q1Controller20.m; sourceTree = "<group>"; };
		72FCBC10225CCF6100969879 /* UITextView+Utils.m */ = {isa = PBXFileReference; fileEncoding = 4; lastKnownFileType = sourcecode.c.objc; path = "UITextView+Utils.m"; sourceTree = "<group>"; };
		72FCBC11225CCF6100969879 /* UITextView+Utils.h */ = {isa = PBXFileReference; fileEncoding = 4; lastKnownFileType = sourcecode.c.h; path = "UITextView+Utils.h"; sourceTree = "<group>"; };
		72FCBC13225CCFAE00969879 /* NSString+Utils.h */ = {isa = PBXFileReference; fileEncoding = 4; lastKnownFileType = sourcecode.c.h; path = "NSString+Utils.h"; sourceTree = "<group>"; };
		72FCBC14225CCFAE00969879 /* NSString+Utils.m */ = {isa = PBXFileReference; fileEncoding = 4; lastKnownFileType = sourcecode.c.objc; path = "NSString+Utils.m"; sourceTree = "<group>"; };
		C78DD109B4F45CCDD835D517 /* libPods-ipad.a */ = {isa = PBXFileReference; explicitFileType = archive.ar; includeInIndex = 0; path = "libPods-ipad.a"; sourceTree = BUILT_PRODUCTS_DIR; };
		D7239B0B802F7C67ED749344 /* Pods-ipad.debug.xcconfig */ = {isa = PBXFileReference; includeInIndex = 1; lastKnownFileType = text.xcconfig; name = "Pods-ipad.debug.xcconfig"; path = "Pods/Target Support Files/Pods-ipad/Pods-ipad.debug.xcconfig"; sourceTree = "<group>"; };
/* End PBXFileReference section */

/* Begin PBXFrameworksBuildPhase section */
		72760E601F231DF500377839 /* Frameworks */ = {
			isa = PBXFrameworksBuildPhase;
			buildActionMask = 2147483647;
			files = (
				2B1B92E7643A1CA4CB142C73 /* libPods-ipad.a in Frameworks */,
			);
			runOnlyForDeploymentPostprocessing = 0;
		};
/* End PBXFrameworksBuildPhase section */

/* Begin PBXGroup section */
		40113E03BCC21151BDC9CCD5 /* Frameworks */ = {
			isa = PBXGroup;
			children = (
				C78DD109B4F45CCDD835D517 /* libPods-ipad.a */,
			);
			name = Frameworks;
			sourceTree = "<group>";
		};
		452791A01F25D78B00010996 /* HET */ = {
			isa = PBXGroup;
			children = (
				452791971F25D78700010996 /* HETAddressInfo_Private.h */,
				452791981F25D78700010996 /* HETAddressInfo.h */,
				452791991F25D78700010996 /* HETAddressInfo.m */,
				4527919A1F25D78700010996 /* HETAddressPicker.h */,
				4527919B1F25D78700010996 /* HETAddressPicker.m */,
				4527919C1F25D78700010996 /* HETCity.json */,
				452791921F25D57E00010996 /* HETPublicPickerView.h */,
				452791931F25D57E00010996 /* HETPublicPickerView.m */,
				452791941F25D57E00010996 /* HETPublicPickerView.xib */,
			);
			name = HET;
			sourceTree = "<group>";
		};
		457E8E201F26386700924F5F /* 1 */ = {
			isa = PBXGroup;
			children = (
				457E8E211F2638A600924F5F /* 1.storyboard */,
				457E8E231F263CB800924F5F /* Button1.h */,
				457E8E241F263CB800924F5F /* Button1.m */,
				457E8E261F26414F00924F5F /* QuestionBaseController.h */,
				457E8E271F26414F00924F5F /* QuestionBaseController.m */,
				457E8E291F26416E00924F5F /* Q1Controller1.h */,
				457E8E2A1F26416E00924F5F /* Q1Controller1.m */,
				457E8E2C1F26418500924F5F /* Q1Controller2.h */,
				457E8E2D1F26418500924F5F /* Q1Controller2.m */,
				72FCBC0D225CC4E500969879 /* Q1Controller20.h */,
				72FCBC0E225CC4E500969879 /* Q1Controller20.m */,
			);
			path = 1;
			sourceTree = "<group>";
		};
		45DD5CDC1F279F0C00E7B6EB /* 3rd */ = {
			isa = PBXGroup;
			children = (
				72FCBC13225CCFAE00969879 /* NSString+Utils.h */,
				72FCBC14225CCFAE00969879 /* NSString+Utils.m */,
				72FCBC11225CCF6100969879 /* UITextView+Utils.h */,
				72FCBC10225CCF6100969879 /* UITextView+Utils.m */,
				45DD5CDD1F279F0C00E7B6EB /* GCDWebUploader.bundle */,
				45DD5CDE1F279F0C00E7B6EB /* GCDWebUploader.h */,
				45DD5CDF1F279F0C00E7B6EB /* GCDWebUploader.m */,
			);
			path = 3rd;
			sourceTree = "<group>";
		};
		72760E5A1F231DF500377839 = {
			isa = PBXGroup;
			children = (
				72760E651F231DF500377839 /* ipad */,
				72760E641F231DF500377839 /* Products */,
				7A701D24C3EF5D6957E181D8 /* Pods */,
				40113E03BCC21151BDC9CCD5 /* Frameworks */,
			);
			sourceTree = "<group>";
		};
		72760E641F231DF500377839 /* Products */ = {
			isa = PBXGroup;
			children = (
				72760E631F231DF500377839 /* ipad.app */,
			);
			name = Products;
			sourceTree = "<group>";
		};
		72760E651F231DF500377839 /* ipad */ = {
			isa = PBXGroup;
			children = (
				45DD5CDC1F279F0C00E7B6EB /* 3rd */,
				457E8E201F26386700924F5F /* 1 */,
				452791A01F25D78B00010996 /* HET */,
				72760E691F231DF500377839 /* AppDelegate.h */,
				72760E6A1F231DF500377839 /* AppDelegate.m */,
				4527918C1F25D09C00010996 /* FirstController.h */,
				4527918D1F25D09C00010996 /* FirstController.m */,
				457E8E3B1F272B5500924F5F /* AnswerData.h */,
				457E8E3C1F272B5500924F5F /* AnswerData.m */,
				457E8E351F27192900924F5F /* UserModel.h */,
				457E8E361F27192900924F5F /* UserModel.m */,
				457E8E381F2728E500924F5F /* FinishController.h */,
				457E8E391F2728E500924F5F /* FinishController.m */,
				72FA820E1F28382A00B6F371 /* WifiView.h */,
				72FA820F1F28382A00B6F371 /* WifiView.m */,
				72FA82111F2838B700B6F371 /* WifiView.xib */,
				45BF43651F2737F6004D5361 /* answerDB.db */,
				72760E6F1F231DF500377839 /* Main.storyboard */,
				72760E721F231DF500377839 /* Assets.xcassets */,
				72760E741F231DF500377839 /* LaunchScreen.storyboard */,
				72760E771F231DF500377839 /* Info.plist */,
				72760E661F231DF500377839 /* Supporting Files */,
			);
			path = ipad;
			sourceTree = "<group>";
		};
		72760E661F231DF500377839 /* Supporting Files */ = {
			isa = PBXGroup;
			children = (
				72760E671F231DF500377839 /* main.m */,
			);
			name = "Supporting Files";
			sourceTree = "<group>";
		};
		7A701D24C3EF5D6957E181D8 /* Pods */ = {
			isa = PBXGroup;
			children = (
				D7239B0B802F7C67ED749344 /* Pods-ipad.debug.xcconfig */,
				258103E04245671C9128EB93 /* Pods-ipad.release.xcconfig */,
			);
			name = Pods;
			sourceTree = "<group>";
		};
/* End PBXGroup section */

/* Begin PBXNativeTarget section */
		72760E621F231DF500377839 /* ipad */ = {
			isa = PBXNativeTarget;
			buildConfigurationList = 72760E7A1F231DF500377839 /* Build configuration list for PBXNativeTarget "ipad" */;
			buildPhases = (
				A2FD41374FBEF49875A41A70 /* [CP] Check Pods Manifest.lock */,
				72760E5F1F231DF500377839 /* Sources */,
				72760E601F231DF500377839 /* Frameworks */,
				72760E611F231DF500377839 /* Resources */,
				70AA7E753106C3B3035322C9 /* [CP] Copy Pods Resources */,
				60ACDFCA30E22882E4D8665A /* [CP] Embed Pods Frameworks */,
			);
			buildRules = (
			);
			dependencies = (
			);
			name = ipad;
			productName = ipad;
			productReference = 72760E631F231DF500377839 /* ipad.app */;
			productType = "com.apple.product-type.application";
		};
/* End PBXNativeTarget section */

/* Begin PBXProject section */
		72760E5B1F231DF500377839 /* Project object */ = {
			isa = PBXProject;
			attributes = {
				LastUpgradeCheck = 0900;
				ORGANIZATIONNAME = welkiner;
				TargetAttributes = {
					72760E621F231DF500377839 = {
						CreatedOnToolsVersion = 8.3.3;
						ProvisioningStyle = Manual;
					};
				};
			};
			buildConfigurationList = 72760E5E1F231DF500377839 /* Build configuration list for PBXProject "ipad" */;
			compatibilityVersion = "Xcode 3.2";
			developmentRegion = English;
			hasScannedForEncodings = 0;
			knownRegions = (
				English,
				en,
				Base,
			);
			mainGroup = 72760E5A1F231DF500377839;
			productRefGroup = 72760E641F231DF500377839 /* Products */;
			projectDirPath = "";
			projectRoot = "";
			targets = (
				72760E621F231DF500377839 /* ipad */,
			);
		};
/* End PBXProject section */

/* Begin PBXResourcesBuildPhase section */
		72760E611F231DF500377839 /* Resources */ = {
			isa = PBXResourcesBuildPhase;
			buildActionMask = 2147483647;
			files = (
				72FA82121F2838B700B6F371 /* WifiView.xib in Resources */,
				72760E761F231DF500377839 /* LaunchScreen.storyboard in Resources */,
				452791961F25D57E00010996 /* HETPublicPickerView.xib in Resources */,
				45DD5CE01F279F0C00E7B6EB /* GCDWebUploader.bundle in Resources */,
				72760E731F231DF500377839 /* Assets.xcassets in Resources */,
				45BF43661F2737F6004D5361 /* answerDB.db in Resources */,
				457E8E221F2638A600924F5F /* 1.storyboard in Resources */,
				72760E711F231DF500377839 /* Main.storyboard in Resources */,
				4527919F1F25D78700010996 /* HETCity.json in Resources */,
			);
			runOnlyForDeploymentPostprocessing = 0;
		};
/* End PBXResourcesBuildPhase section */

/* Begin PBXShellScriptBuildPhase section */
		60ACDFCA30E22882E4D8665A /* [CP] Embed Pods Frameworks */ = {
			isa = PBXShellScriptBuildPhase;
			buildActionMask = 2147483647;
			files = (
			);
			inputFileListPaths = (
			);
			inputPaths = (
			);
			name = "[CP] Embed Pods Frameworks";
			outputFileListPaths = (
			);
			outputPaths = (
			);
			runOnlyForDeploymentPostprocessing = 0;
			shellPath = /bin/sh;
			shellScript = "\"${SRCROOT}/Pods/Target Support Files/Pods-ipad/Pods-ipad-frameworks.sh\"\n";
			showEnvVarsInLog = 0;
		};
		70AA7E753106C3B3035322C9 /* [CP] Copy Pods Resources */ = {
			isa = PBXShellScriptBuildPhase;
			buildActionMask = 2147483647;
			files = (
			);
			inputPaths = (
				"${SRCROOT}/Pods/Target Support Files/Pods-ipad/Pods-ipad-resources.sh",
				"${PODS_ROOT}/IQKeyboardManager/IQKeyboardManager/Resources/IQKeyboardManager.bundle",
			);
			name = "[CP] Copy Pods Resources";
			outputPaths = (
				"${TARGET_BUILD_DIR}/${UNLOCALIZED_RESOURCES_FOLDER_PATH}/IQKeyboardManager.bundle",
			);
			runOnlyForDeploymentPostprocessing = 0;
			shellPath = /bin/sh;
			shellScript = "\"${SRCROOT}/Pods/Target Support Files/Pods-ipad/Pods-ipad-resources.sh\"\n";
			showEnvVarsInLog = 0;
		};
		A2FD41374FBEF49875A41A70 /* [CP] Check Pods Manifest.lock */ = {
			isa = PBXShellScriptBuildPhase;
			buildActionMask = 2147483647;
			files = (
			);
			inputPaths = (
				"${PODS_PODFILE_DIR_PATH}/Podfile.lock",
				"${PODS_ROOT}/Manifest.lock",
			);
			name = "[CP] Check Pods Manifest.lock";
			outputPaths = (
				"$(DERIVED_FILE_DIR)/Pods-ipad-checkManifestLockResult.txt",
			);
			runOnlyForDeploymentPostprocessing = 0;
			shellPath = /bin/sh;
			shellScript = "diff \"${PODS_PODFILE_DIR_PATH}/Podfile.lock\" \"${PODS_ROOT}/Manifest.lock\" > /dev/null\nif [ $? != 0 ] ; then\n    # print error to STDERR\n    echo \"error: The sandbox is not in sync with the Podfile.lock. Run 'pod install' or update your CocoaPods installation.\" >&2\n    exit 1\nfi\n# This output is used by Xcode 'outputs' to avoid re-running this script phase.\necho \"SUCCESS\" > \"${SCRIPT_OUTPUT_FILE_0}\"\n";
			showEnvVarsInLog = 0;
		};
/* End PBXShellScriptBuildPhase section */

/* Begin PBXSourcesBuildPhase section */
		72760E5F1F231DF500377839 /* Sources */ = {
			isa = PBXSourcesBuildPhase;
			buildActionMask = 2147483647;
			files = (
				4527919D1F25D78700010996 /* HETAddressInfo.m in Sources */,
				457E8E3A1F2728E500924F5F /* FinishController.m in Sources */,
				4527919E1F25D78700010996 /* HETAddressPicker.m in Sources */,
				72FCBC0F225CC4E500969879 /* Q1Controller20.m in Sources */,
				452791951F25D57E00010996 /* HETPublicPickerView.m in Sources */,
				72760E6B1F231DF500377839 /* AppDelegate.m in Sources */,
				72FCBC12225CCF6100969879 /* UITextView+Utils.m in Sources */,
				4527918E1F25D09C00010996 /* FirstController.m in Sources */,
				457E8E371F27192900924F5F /* UserModel.m in Sources */,
				72760E681F231DF500377839 /* main.m in Sources */,
				72FA82101F28382A00B6F371 /* WifiView.m in Sources */,
				457E8E251F263CB800924F5F /* Button1.m in Sources */,
				457E8E2B1F26416E00924F5F /* Q1Controller1.m in Sources */,
				72FCBC15225CCFAE00969879 /* NSString+Utils.m in Sources */,
				457E8E2E1F26418500924F5F /* Q1Controller2.m in Sources */,
				457E8E281F26414F00924F5F /* QuestionBaseController.m in Sources */,
				457E8E3D1F272B5500924F5F /* AnswerData.m in Sources */,
				45DD5CE11F279F0C00E7B6EB /* GCDWebUploader.m in Sources */,
			);
			runOnlyForDeploymentPostprocessing = 0;
		};
/* End PBXSourcesBuildPhase section */

/* Begin PBXVariantGroup section */
		72760E6F1F231DF500377839 /* Main.storyboard */ = {
			isa = PBXVariantGroup;
			children = (
				72760E701F231DF500377839 /* Base */,
			);
			name = Main.storyboard;
			sourceTree = "<group>";
		};
		72760E741F231DF500377839 /* LaunchScreen.storyboard */ = {
			isa = PBXVariantGroup;
			children = (
				72760E751F231DF500377839 /* Base */,
			);
			name = LaunchScreen.storyboard;
			sourceTree = "<group>";
		};
/* End PBXVariantGroup section */

/* Begin XCBuildConfiguration section */
		72760E781F231DF500377839 /* Debug */ = {
			isa = XCBuildConfiguration;
			buildSettings = {
				ALWAYS_SEARCH_USER_PATHS = NO;
				CLANG_ANALYZER_NONNULL = YES;
				CLANG_ANALYZER_NUMBER_OBJECT_CONVERSION = YES_AGGRESSIVE;
				CLANG_CXX_LANGUAGE_STANDARD = "gnu++0x";
				CLANG_CXX_LIBRARY = "libc++";
				CLANG_ENABLE_MODULES = YES;
				CLANG_ENABLE_OBJC_ARC = YES;
				CLANG_WARN_BLOCK_CAPTURE_AUTORELEASING = YES;
				CLANG_WARN_BOOL_CONVERSION = YES;
				CLANG_WARN_COMMA = YES;
				CLANG_WARN_CONSTANT_CONVERSION = YES;
				CLANG_WARN_DIRECT_OBJC_ISA_USAGE = YES_ERROR;
				CLANG_WARN_DOCUMENTATION_COMMENTS = YES;
				CLANG_WARN_EMPTY_BODY = YES;
				CLANG_WARN_ENUM_CONVERSION = YES;
				CLANG_WARN_INFINITE_RECURSION = YES;
				CLANG_WARN_INT_CONVERSION = YES;
				CLANG_WARN_NON_LITERAL_NULL_CONVERSION = YES;
				CLANG_WARN_OBJC_LITERAL_CONVERSION = YES;
				CLANG_WARN_OBJC_ROOT_CLASS = YES_ERROR;
				CLANG_WARN_RANGE_LOOP_ANALYSIS = YES;
				CLANG_WARN_STRICT_PROTOTYPES = YES;
				CLANG_WARN_SUSPICIOUS_MOVE = YES;
				CLANG_WARN_UNREACHABLE_CODE = YES;
				CLANG_WARN__DUPLICATE_METHOD_MATCH = YES;
				"CODE_SIGN_IDENTITY[sdk=iphoneos*]" = "iPhone Developer";
				COPY_PHASE_STRIP = NO;
				DEBUG_INFORMATION_FORMAT = dwarf;
				ENABLE_BITCODE = NO;
				ENABLE_STRICT_OBJC_MSGSEND = YES;
				ENABLE_TESTABILITY = YES;
				GCC_C_LANGUAGE_STANDARD = gnu99;
				GCC_DYNAMIC_NO_PIC = NO;
				GCC_NO_COMMON_BLOCKS = YES;
				GCC_OPTIMIZATION_LEVEL = 0;
				GCC_PREPROCESSOR_DEFINITIONS = (
					"DEBUG=1",
					"$(inherited)",
				);
				GCC_WARN_64_TO_32_BIT_CONVERSION = YES;
				GCC_WARN_ABOUT_RETURN_TYPE = YES_ERROR;
				GCC_WARN_UNDECLARED_SELECTOR = YES;
				GCC_WARN_UNINITIALIZED_AUTOS = YES_AGGRESSIVE;
				GCC_WARN_UNUSED_FUNCTION = YES;
				GCC_WARN_UNUSED_VARIABLE = YES;
				IPHONEOS_DEPLOYMENT_TARGET = 8.0;
				MTL_ENABLE_DEBUG_INFO = YES;
				ONLY_ACTIVE_ARCH = YES;
				SDKROOT = iphoneos;
			};
			name = Debug;
		};
		72760E791F231DF500377839 /* Release */ = {
			isa = XCBuildConfiguration;
			buildSettings = {
				ALWAYS_SEARCH_USER_PATHS = NO;
				CLANG_ANALYZER_NONNULL = YES;
				CLANG_ANALYZER_NUMBER_OBJECT_CONVERSION = YES_AGGRESSIVE;
				CLANG_CXX_LANGUAGE_STANDARD = "gnu++0x";
				CLANG_CXX_LIBRARY = "libc++";
				CLANG_ENABLE_MODULES = YES;
				CLANG_ENABLE_OBJC_ARC = YES;
				CLANG_WARN_BLOCK_CAPTURE_AUTORELEASING = YES;
				CLANG_WARN_BOOL_CONVERSION = YES;
				CLANG_WARN_COMMA = YES;
				CLANG_WARN_CONSTANT_CONVERSION = YES;
				CLANG_WARN_DIRECT_OBJC_ISA_USAGE = YES_ERROR;
				CLANG_WARN_DOCUMENTATION_COMMENTS = YES;
				CLANG_WARN_EMPTY_BODY = YES;
				CLANG_WARN_ENUM_CONVERSION = YES;
				CLANG_WARN_INFINITE_RECURSION = YES;
				CLANG_WARN_INT_CONVERSION = YES;
				CLANG_WARN_NON_LITERAL_NULL_CONVERSION = YES;
				CLANG_WARN_OBJC_LITERAL_CONVERSION = YES;
				CLANG_WARN_OBJC_ROOT_CLASS = YES_ERROR;
				CLANG_WARN_RANGE_LOOP_ANALYSIS = YES;
				CLANG_WARN_STRICT_PROTOTYPES = YES;
				CLANG_WARN_SUSPICIOUS_MOVE = YES;
				CLANG_WARN_UNREACHABLE_CODE = YES;
				CLANG_WARN__DUPLICATE_METHOD_MATCH = YES;
				"CODE_SIGN_IDENTITY[sdk=iphoneos*]" = "iPhone Developer";
				COPY_PHASE_STRIP = NO;
				DEBUG_INFORMATION_FORMAT = "dwarf-with-dsym";
				ENABLE_BITCODE = NO;
				ENABLE_NS_ASSERTIONS = NO;
				ENABLE_STRICT_OBJC_MSGSEND = YES;
				GCC_C_LANGUAGE_STANDARD = gnu99;
				GCC_NO_COMMON_BLOCKS = YES;
				GCC_WARN_64_TO_32_BIT_CONVERSION = YES;
				GCC_WARN_ABOUT_RETURN_TYPE = YES_ERROR;
				GCC_WARN_UNDECLARED_SELECTOR = YES;
				GCC_WARN_UNINITIALIZED_AUTOS = YES_AGGRESSIVE;
				GCC_WARN_UNUSED_FUNCTION = YES;
				GCC_WARN_UNUSED_VARIABLE = YES;
				IPHONEOS_DEPLOYMENT_TARGET = 8.0;
				MTL_ENABLE_DEBUG_INFO = NO;
				SDKROOT = iphoneos;
				VALIDATE_PRODUCT = YES;
			};
			name = Release;
		};
		72760E7B1F231DF500377839 /* Debug */ = {
			isa = XCBuildConfiguration;
			baseConfigurationReference = D7239B0B802F7C67ED749344 /* Pods-ipad.debug.xcconfig */;
			buildSettings = {
				ASSETCATALOG_COMPILER_APPICON_NAME = AppIcon;
				CODE_SIGN_IDENTITY = "iPhone Developer";
				"CODE_SIGN_IDENTITY[sdk=iphoneos*]" = "iPhone Developer";
				CODE_SIGN_STYLE = Manual;
				DEVELOPMENT_TEAM = "";
				INFOPLIST_FILE = ipad/Info.plist;
				IPHONEOS_DEPLOYMENT_TARGET = 8.0;
				LD_RUNPATH_SEARCH_PATHS = "$(inherited) @executable_path/Frameworks";
				PRODUCT_BUNDLE_IDENTIFIER = com.answer.car2;
				PRODUCT_NAME = "$(TARGET_NAME)";
				PROVISIONING_PROFILE = "";
				PROVISIONING_PROFILE_SPECIFIER = "";
				TARGETED_DEVICE_FAMILY = 2;
			};
			name = Debug;
		};
		72760E7C1F231DF500377839 /* Release */ = {
			isa = XCBuildConfiguration;
			baseConfigurationReference = 258103E04245671C9128EB93 /* Pods-ipad.release.xcconfig */;
			buildSettings = {
				ASSETCATALOG_COMPILER_APPICON_NAME = AppIcon;
				CODE_SIGN_IDENTITY = "iPhone Developer";
				"CODE_SIGN_IDENTITY[sdk=iphoneos*]" = "iPhone Distribution";
				CODE_SIGN_STYLE = Manual;
				DEVELOPMENT_TEAM = 2F46R5UK38;
				INFOPLIST_FILE = ipad/Info.plist;
				IPHONEOS_DEPLOYMENT_TARGET = 8.0;
				LD_RUNPATH_SEARCH_PATHS = "$(inherited) @executable_path/Frameworks";
				PRODUCT_BUNDLE_IDENTIFIER = com.answer.car2;
				PRODUCT_NAME = "$(TARGET_NAME)";
				PROVISIONING_PROFILE = "0a8fc6b9-a026-43a2-85e7-a81863343316";
				PROVISIONING_PROFILE_SPECIFIER = DisAll;
				TARGETED_DEVICE_FAMILY = 2;
			};
			name = Release;
		};
/* End XCBuildConfiguration section */

/* Begin XCConfigurationList section */
		72760E5E1F231DF500377839 /* Build configuration list for PBXProject "ipad" */ = {
			isa = XCConfigurationList;
			buildConfigurations = (
				72760E781F231DF500377839 /* Debug */,
				72760E791F231DF500377839 /* Release */,
			);
			defaultConfigurationIsVisible = 0;
			defaultConfigurationName = Release;
		};
		72760E7A1F231DF500377839 /* Build configuration list for PBXNativeTarget "ipad" */ = {
			isa = XCConfigurationList;
			buildConfigurations = (
				72760E7B1F231DF500377839 /* Debug */,
				72760E7C1F231DF500377839 /* Release */,
			);
			defaultConfigurationIsVisible = 0;
			defaultConfigurationName = Release;
		};
/* End XCConfigurationList section */
	};
	rootObject = 72760E5B1F231DF500377839 /* Project object */;
}
